
Microsoft Visual Studio Solution File, Format Version 12.00
Project("{FAE04EC0-301F-11D3-BF4B-00C04F79EFBC}") = "WeatherQuality.Utils", "WeatherQuality.Utils\WeatherQuality.Utils.csproj", "{209367D5-43E6-46CA-AAF6-15E16C5C0FBE}"
EndProject
Project("{FAE04EC0-301F-11D3-BF4B-00C04F79EFBC}") = "WeatherQuality.Domain", "WeatherQuality.Domain\WeatherQuality.Domain.csproj", "{31B3CAC4-2128-45B3-93D7-B56135AC97B0}"
EndProject
Project("{FAE04EC0-301F-11D3-BF4B-00C04F79EFBC}") = "WeatherQuality.Integration", "WeatherQuality.Integration\WeatherQuality.Integration.csproj", "{9EDDE130-D041-423D-B5E8-350FD6FB60EE}"
EndProject

Project("{9A19103F-16F7-4668-BE54-9A1E7A4F7556}") = "Botticelli.Interfaces", "..\botticelli\Botticelli.Interfaces\Botticelli.Interfaces.csproj", "{2E0D3754-2B71-445F-9944-E07B79BCD804}"
EndProject
Project("{9A19103F-16F7-4668-BE54-9A1E7A4F7556}") = "Botticelli.Shared", "..\botticelli\Botticelli.Shared\Botticelli.Shared.csproj", "{B1EEED03-3863-4673-8690-8A89912AA865}"
EndProject
Project("{9A19103F-16F7-4668-BE54-9A1E7A4F7556}") = "Botticelli.Framework", "..\botticelli\Botticelli.Framework\Botticelli.Framework.csproj", "{B620052D-DA8D-42F6-ACC8-6228B1840A23}"
EndProject
Project("{9A19103F-16F7-4668-BE54-9A1E7A4F7556}") = "Botticelli.Scheduler.Interfaces", "..\botticelli\Botticelli.Scheduler.Interfaces\Botticelli.Scheduler.Interfaces.csproj", "{FAD007A0-8A2C-4871-A030-CE2442711243}"
EndProject
Project("{9A19103F-16F7-4668-BE54-9A1E7A4F7556}") = "Botticelli.Framework.Telegram", "..\botticelli\Botticelli.Framework.Telegram\Botticelli.Framework.Telegram.csproj", "{71008870-2212-4A74-8777-B5B268C27911}"
EndProject
Project("{9A19103F-16F7-4668-BE54-9A1E7A4F7556}") = "Botticelli.BotBase", "..\botticelli\Botticelli.API\Botticelli.BotBase.csproj", "{E9FB2EC3-6C4F-4886-AFED-A2518733CF2A}"
EndProject
Project("{9A19103F-16F7-4668-BE54-9A1E7A4F7556}") = "Botticelli.Server.Data", "..\botticelli\Botticelli.Server.Data\Botticelli.Server.Data.csproj", "{CDFC4EAD-60BD-419A-ADF5-451766D22F29}"
EndProject
Project("{9A19103F-16F7-4668-BE54-9A1E7A4F7556}") = "Botticelli.Talks", "..\botticelli\Botticelli.Talks\Botticelli.Talks.csproj", "{9F4B5D3F-661C-433B-BC9F-CAC4048EF9EA}"
EndProject
Project("{9A19103F-16F7-4668-BE54-9A1E7A4F7556}") = "Botticelli.Pay", "..\botticelli\Botticelli.Pay\Botticelli.Pay.csproj", "{C010219B-6ECA-429F-98BA-839F6BAC0D6B}"
EndProject
Project("{9A19103F-16F7-4668-BE54-9A1E7A4F7556}") = "Botticelli.Bus.None", "..\botticelli\Botticelli.Bus\Botticelli.Bus.None.csproj", "{79DEC257-916B-402D-BBB9-BF4E6518FF8F}"
EndProject
Project("{9A19103F-16F7-4668-BE54-9A1E7A4F7556}") = "Botticelli.Bot.Interfaces", "..\botticelli\Botticelli.Bot.Interfaces\Botticelli.Bot.Interfaces.csproj", "{2851D399-D071-421A-B5B1-AB24883F82E0}"
EndProject
Project("{9A19103F-16F7-4668-BE54-9A1E7A4F7556}") = "Botticelli.Bus.Rabbit", "..\botticelli\Botticelli.Bus.Rabbit\Botticelli.Bus.Rabbit.csproj", "{1EE16F3E-B208-4211-9C77-9A24037668AC}"
EndProject
Project("{9A19103F-16F7-4668-BE54-9A1E7A4F7556}") = "Botticelli.Server.Data.Entities", "..\botticelli\Botticelli.Server.Data.Entities\Botticelli.Server.Data.Entities.csproj", "{81FE9855-9884-49A9-A10D-61E7B709865E}"
EndProject
Project("{2150E333-8FDC-42A3-9474-1A3956D46DE8}") = "Botticelli", "Botticelli", "{1F276D50-8A66-4BA5-A548-BF84B38413B4}"
EndProject
Project("{FAE04EC0-301F-11D3-BF4B-00C04F79EFBC}") = "Botticelli.Client.Analytics", "..\botticelli\Botticelli.Client.Analytics\Botticelli.Client.Analytics.csproj", "{FF0C8774-DE1F-4EBB-AA83-03F941C3AFBE}"
EndProject
Project("{FAE04EC0-301F-11D3-BF4B-00C04F79EFBC}") = "Botticelli.Analytics.Shared", "..\botticelli\Botticelli.Analytics.Shared\Botticelli.Analytics.Shared.csproj", "{67C56788-EC98-44A2-A6CE-EFA20A226954}"
EndProject
Project("{FAE04EC0-301F-11D3-BF4B-00C04F79EFBC}") = "Botticelli.Framework.Events", "..\botticelli\Botticelli.Framework.Common\Botticelli.Framework.Events.csproj", "{E262AC68-042F-4990-8614-7129EEE79BA2}"
EndProject
Project("{FAE04EC0-301F-11D3-BF4B-00C04F79EFBC}") = "WeatherQuality.Telegram", "WeatherQuality.Telegram\WeatherQuality.Telegram.csproj", "{31C4D97B-BFAB-41BB-A431-A1F822CC54E6}"
EndProject
Project("{FAE04EC0-301F-11D3-BF4B-00C04F79EFBC}") = "Botticelli.Bot.Utils", "..\botticelli\Botticelli.Bot.Utils\Botticelli.Bot.Utils.csproj", "{00698F0D-49F2-48B1-B90F-C95E97369353}"
EndProject
Project("{FAE04EC0-301F-11D3-BF4B-00C04F79EFBC}") = "Botticelli.Server.Analytics", "..\botticelli\Botticelli.Server.Analytics\Botticelli.Server.Analytics.csproj", "{FF804DAC-BD71-49EE-86F3-AFCDD01E3D89}"
EndProject
Project("{FAE04EC0-301F-11D3-BF4B-00C04F79EFBC}") = "Botticelli.Server.FrontNew", "..\botticelli\Botticelli.Server.FrontNew\Botticelli.Server.FrontNew.csproj", "{2A27CA3B-8080-4235-9ABF-493182E3CA19}"
EndProject
Project("{FAE04EC0-301F-11D3-BF4B-00C04F79EFBC}") = "Botticelli.Server", "..\botticelli\Botticelli\Botticelli.Server.csproj", "{70350736-319F-42C1-B061-710F6E3D4F54}"
EndProject
Project("{FAE04EC0-301F-11D3-BF4B-00C04F79EFBC}") = "Botticelli.Server.Models", "..\botticelli\Botticelli.Server.Models\Botticelli.Server.Models.csproj", "{638CBEEE-5C37-44E7-A78A-2D9AE99F14CB}"
EndProject
Project("{FAE04EC0-301F-11D3-BF4B-00C04F79EFBC}") = "Botticelli.AI", "..\botticelli\Botticelli.AI\Botticelli.AI.csproj", "{A565F0B1-DADB-4067-AED5-00DEDFEE9479}"
EndProject
Project("{FAE04EC0-301F-11D3-BF4B-00C04F79EFBC}") = "WeatherQuality.Infrastructure", "WeatherQuality.Infrastructure\WeatherQuality.Infrastructure.csproj", "{027C225C-906E-4D6C-8BBD-A9444B824167}"
EndProject
Project("{FAE04EC0-301F-11D3-BF4B-00C04F79EFBC}") = "Botticelli.Scheduler", "..\botticelli\Botticelli.Scheduler\Botticelli.Scheduler.csproj", "{176DF157-6491-40EC-9CA6-50A3C3C4E6BF}"
EndProject
Project("{FAE04EC0-301F-11D3-BF4B-00C04F79EFBC}") = "Botticelli.Framework.Controls", "..\botticelli\Botticelli.Framework.Controls\Botticelli.Framework.Controls.csproj", "{96165C1C-D3A2-4F7A-A881-AB51A769E95B}"
EndProject
Project("{FAE04EC0-301F-11D3-BF4B-00C04F79EFBC}") = "Botticelli.SecureStorage", "..\botticelli\Botticelli.SecureStorage\Botticelli.SecureStorage.csproj", "{AE2754EE-2309-4661-8DD1-6D0D5EE677EA}"
EndProject
Global
	GlobalSection(SolutionConfigurationPlatforms) = preSolution
		Debug|Any CPU = Debug|Any CPU
		Release|Any CPU = Release|Any CPU
	EndGlobalSection
	GlobalSection(ProjectConfigurationPlatforms) = postSolution
		{209367D5-43E6-46CA-AAF6-15E16C5C0FBE}.Debug|Any CPU.ActiveCfg = Debug|Any CPU
		{209367D5-43E6-46CA-AAF6-15E16C5C0FBE}.Debug|Any CPU.Build.0 = Debug|Any CPU
		{209367D5-43E6-46CA-AAF6-15E16C5C0FBE}.Release|Any CPU.ActiveCfg = Release|Any CPU
		{209367D5-43E6-46CA-AAF6-15E16C5C0FBE}.Release|Any CPU.Build.0 = Release|Any CPU
		{31B3CAC4-2128-45B3-93D7-B56135AC97B0}.Debug|Any CPU.ActiveCfg = Debug|Any CPU
		{31B3CAC4-2128-45B3-93D7-B56135AC97B0}.Debug|Any CPU.Build.0 = Debug|Any CPU
		{31B3CAC4-2128-45B3-93D7-B56135AC97B0}.Release|Any CPU.ActiveCfg = Release|Any CPU
		{31B3CAC4-2128-45B3-93D7-B56135AC97B0}.Release|Any CPU.Build.0 = Release|Any CPU
		{9EDDE130-D041-423D-B5E8-350FD6FB60EE}.Debug|Any CPU.ActiveCfg = Debug|Any CPU
		{9EDDE130-D041-423D-B5E8-350FD6FB60EE}.Debug|Any CPU.Build.0 = Debug|Any CPU
		{9EDDE130-D041-423D-B5E8-350FD6FB60EE}.Release|Any CPU.ActiveCfg = Release|Any CPU
		{9EDDE130-D041-423D-B5E8-350FD6FB60EE}.Release|Any CPU.Build.0 = Release|Any CPU
		{AD0DEA16-91BB-43FB-B922-FCB175CD7C6B}.Debug|Any CPU.ActiveCfg = Debug|Any CPU
		{AD0DEA16-91BB-43FB-B922-FCB175CD7C6B}.Debug|Any CPU.Build.0 = Debug|Any CPU
		{AD0DEA16-91BB-43FB-B922-FCB175CD7C6B}.Release|Any CPU.ActiveCfg = Release|Any CPU
		{AD0DEA16-91BB-43FB-B922-FCB175CD7C6B}.Release|Any CPU.Build.0 = Release|Any CPU
		{9A6BC360-FCA8-404E-BE1D-D65E45ACFD4F}.Debug|Any CPU.ActiveCfg = Debug|Any CPU
		{9A6BC360-FCA8-404E-BE1D-D65E45ACFD4F}.Debug|Any CPU.Build.0 = Debug|Any CPU
		{9A6BC360-FCA8-404E-BE1D-D65E45ACFD4F}.Release|Any CPU.ActiveCfg = Release|Any CPU
		{9A6BC360-FCA8-404E-BE1D-D65E45ACFD4F}.Release|Any CPU.Build.0 = Release|Any CPU
		{87D2065A-D24C-4216-9ECF-81FF0AC6A206}.Debug|Any CPU.ActiveCfg = Debug|Any CPU
		{87D2065A-D24C-4216-9ECF-81FF0AC6A206}.Debug|Any CPU.Build.0 = Debug|Any CPU
		{87D2065A-D24C-4216-9ECF-81FF0AC6A206}.Release|Any CPU.ActiveCfg = Release|Any CPU
		{87D2065A-D24C-4216-9ECF-81FF0AC6A206}.Release|Any CPU.Build.0 = Release|Any CPU
		{FF0C8774-DE1F-4EBB-AA83-03F941C3AFBE}.Debug|Any CPU.ActiveCfg = Debug|Any CPU
		{FF0C8774-DE1F-4EBB-AA83-03F941C3AFBE}.Debug|Any CPU.Build.0 = Debug|Any CPU
		{FF0C8774-DE1F-4EBB-AA83-03F941C3AFBE}.Release|Any CPU.ActiveCfg = Release|Any CPU
		{FF0C8774-DE1F-4EBB-AA83-03F941C3AFBE}.Release|Any CPU.Build.0 = Release|Any CPU
		{67C56788-EC98-44A2-A6CE-EFA20A226954}.Debug|Any CPU.ActiveCfg = Debug|Any CPU
		{67C56788-EC98-44A2-A6CE-EFA20A226954}.Debug|Any CPU.Build.0 = Debug|Any CPU
		{67C56788-EC98-44A2-A6CE-EFA20A226954}.Release|Any CPU.ActiveCfg = Release|Any CPU
		{67C56788-EC98-44A2-A6CE-EFA20A226954}.Release|Any CPU.Build.0 = Release|Any CPU
		{E262AC68-042F-4990-8614-7129EEE79BA2}.Debug|Any CPU.ActiveCfg = Debug|Any CPU
		{E262AC68-042F-4990-8614-7129EEE79BA2}.Debug|Any CPU.Build.0 = Debug|Any CPU
		{E262AC68-042F-4990-8614-7129EEE79BA2}.Release|Any CPU.ActiveCfg = Release|Any CPU
		{E262AC68-042F-4990-8614-7129EEE79BA2}.Release|Any CPU.Build.0 = Release|Any CPU
		{31C4D97B-BFAB-41BB-A431-A1F822CC54E6}.Debug|Any CPU.ActiveCfg = Debug|Any CPU
		{31C4D97B-BFAB-41BB-A431-A1F822CC54E6}.Debug|Any CPU.Build.0 = Debug|Any CPU
		{31C4D97B-BFAB-41BB-A431-A1F822CC54E6}.Release|Any CPU.ActiveCfg = Release|Any CPU
		{31C4D97B-BFAB-41BB-A431-A1F822CC54E6}.Release|Any CPU.Build.0 = Release|Any CPU
		{00698F0D-49F2-48B1-B90F-C95E97369353}.Debug|Any CPU.ActiveCfg = Debug|Any CPU
		{00698F0D-49F2-48B1-B90F-C95E97369353}.Debug|Any CPU.Build.0 = Debug|Any CPU
		{00698F0D-49F2-48B1-B90F-C95E97369353}.Release|Any CPU.ActiveCfg = Release|Any CPU
		{00698F0D-49F2-48B1-B90F-C95E97369353}.Release|Any CPU.Build.0 = Release|Any CPU
		{FF804DAC-BD71-49EE-86F3-AFCDD01E3D89}.Debug|Any CPU.ActiveCfg = Debug|Any CPU
		{FF804DAC-BD71-49EE-86F3-AFCDD01E3D89}.Debug|Any CPU.Build.0 = Debug|Any CPU
		{FF804DAC-BD71-49EE-86F3-AFCDD01E3D89}.Release|Any CPU.ActiveCfg = Release|Any CPU
		{FF804DAC-BD71-49EE-86F3-AFCDD01E3D89}.Release|Any CPU.Build.0 = Release|Any CPU
		{2A27CA3B-8080-4235-9ABF-493182E3CA19}.Debug|Any CPU.ActiveCfg = Debug|Any CPU
		{2A27CA3B-8080-4235-9ABF-493182E3CA19}.Debug|Any CPU.Build.0 = Debug|Any CPU
		{2A27CA3B-8080-4235-9ABF-493182E3CA19}.Release|Any CPU.ActiveCfg = Release|Any CPU
		{2A27CA3B-8080-4235-9ABF-493182E3CA19}.Release|Any CPU.Build.0 = Release|Any CPU
		{70350736-319F-42C1-B061-710F6E3D4F54}.Debug|Any CPU.ActiveCfg = Debug|Any CPU
		{70350736-319F-42C1-B061-710F6E3D4F54}.Debug|Any CPU.Build.0 = Debug|Any CPU
		{70350736-319F-42C1-B061-710F6E3D4F54}.Release|Any CPU.ActiveCfg = Release|Any CPU
		{70350736-319F-42C1-B061-710F6E3D4F54}.Release|Any CPU.Build.0 = Release|Any CPU
		{638CBEEE-5C37-44E7-A78A-2D9AE99F14CB}.Debug|Any CPU.ActiveCfg = Debug|Any CPU
		{638CBEEE-5C37-44E7-A78A-2D9AE99F14CB}.Debug|Any CPU.Build.0 = Debug|Any CPU
		{638CBEEE-5C37-44E7-A78A-2D9AE99F14CB}.Release|Any CPU.ActiveCfg = Release|Any CPU
		{638CBEEE-5C37-44E7-A78A-2D9AE99F14CB}.Release|Any CPU.Build.0 = Release|Any CPU
		{A565F0B1-DADB-4067-AED5-00DEDFEE9479}.Debug|Any CPU.ActiveCfg = Debug|Any CPU
		{A565F0B1-DADB-4067-AED5-00DEDFEE9479}.Debug|Any CPU.Build.0 = Debug|Any CPU
		{A565F0B1-DADB-4067-AED5-00DEDFEE9479}.Release|Any CPU.ActiveCfg = Release|Any CPU
		{A565F0B1-DADB-4067-AED5-00DEDFEE9479}.Release|Any CPU.Build.0 = Release|Any CPU
		{027C225C-906E-4D6C-8BBD-A9444B824167}.Debug|Any CPU.ActiveCfg = Debug|Any CPU
		{027C225C-906E-4D6C-8BBD-A9444B824167}.Debug|Any CPU.Build.0 = Debug|Any CPU
		{027C225C-906E-4D6C-8BBD-A9444B824167}.Release|Any CPU.ActiveCfg = Release|Any CPU
		{027C225C-906E-4D6C-8BBD-A9444B824167}.Release|Any CPU.Build.0 = Release|Any CPU
		{176DF157-6491-40EC-9CA6-50A3C3C4E6BF}.Debug|Any CPU.ActiveCfg = Debug|Any CPU
		{176DF157-6491-40EC-9CA6-50A3C3C4E6BF}.Debug|Any CPU.Build.0 = Debug|Any CPU
		{176DF157-6491-40EC-9CA6-50A3C3C4E6BF}.Release|Any CPU.ActiveCfg = Release|Any CPU
		{176DF157-6491-40EC-9CA6-50A3C3C4E6BF}.Release|Any CPU.Build.0 = Release|Any CPU
		{96165C1C-D3A2-4F7A-A881-AB51A769E95B}.Debug|Any CPU.ActiveCfg = Debug|Any CPU
		{96165C1C-D3A2-4F7A-A881-AB51A769E95B}.Debug|Any CPU.Build.0 = Debug|Any CPU
		{96165C1C-D3A2-4F7A-A881-AB51A769E95B}.Release|Any CPU.ActiveCfg = Release|Any CPU
		{96165C1C-D3A2-4F7A-A881-AB51A769E95B}.Release|Any CPU.Build.0 = Release|Any CPU
		{AE2754EE-2309-4661-8DD1-6D0D5EE677EA}.Debug|Any CPU.ActiveCfg = Debug|Any CPU
		{AE2754EE-2309-4661-8DD1-6D0D5EE677EA}.Debug|Any CPU.Build.0 = Debug|Any CPU
		{AE2754EE-2309-4661-8DD1-6D0D5EE677EA}.Release|Any CPU.ActiveCfg = Release|Any CPU
		{AE2754EE-2309-4661-8DD1-6D0D5EE677EA}.Release|Any CPU.Build.0 = Release|Any CPU
	EndGlobalSection
	GlobalSection(NestedProjects) = preSolution
		{67C56788-EC98-44A2-A6CE-EFA20A226954} = {1F276D50-8A66-4BA5-A548-BF84B38413B4}
		{2851D399-D071-421A-B5B1-AB24883F82E0} = {1F276D50-8A66-4BA5-A548-BF84B38413B4}
		{E9FB2EC3-6C4F-4886-AFED-A2518733CF2A} = {1F276D50-8A66-4BA5-A548-BF84B38413B4}
		{79DEC257-916B-402D-BBB9-BF4E6518FF8F} = {1F276D50-8A66-4BA5-A548-BF84B38413B4}
		{1EE16F3E-B208-4211-9C77-9A24037668AC} = {1F276D50-8A66-4BA5-A548-BF84B38413B4}
		{FF0C8774-DE1F-4EBB-AA83-03F941C3AFBE} = {1F276D50-8A66-4BA5-A548-BF84B38413B4}
		{B620052D-DA8D-42F6-ACC8-6228B1840A23} = {1F276D50-8A66-4BA5-A548-BF84B38413B4}
		{E262AC68-042F-4990-8614-7129EEE79BA2} = {1F276D50-8A66-4BA5-A548-BF84B38413B4}
		{71008870-2212-4A74-8777-B5B268C27911} = {1F276D50-8A66-4BA5-A548-BF84B38413B4}
		{2E0D3754-2B71-445F-9944-E07B79BCD804} = {1F276D50-8A66-4BA5-A548-BF84B38413B4}
		{C010219B-6ECA-429F-98BA-839F6BAC0D6B} = {1F276D50-8A66-4BA5-A548-BF84B38413B4}
		{FAD007A0-8A2C-4871-A030-CE2442711243} = {1F276D50-8A66-4BA5-A548-BF84B38413B4}
		{CDFC4EAD-60BD-419A-ADF5-451766D22F29} = {1F276D50-8A66-4BA5-A548-BF84B38413B4}
		{81FE9855-9884-49A9-A10D-61E7B709865E} = {1F276D50-8A66-4BA5-A548-BF84B38413B4}
		{B1EEED03-3863-4673-8690-8A89912AA865} = {1F276D50-8A66-4BA5-A548-BF84B38413B4}
		{9F4B5D3F-661C-433B-BC9F-CAC4048EF9EA} = {1F276D50-8A66-4BA5-A548-BF84B38413B4}
		{00698F0D-49F2-48B1-B90F-C95E97369353} = {1F276D50-8A66-4BA5-A548-BF84B38413B4}
		{FF804DAC-BD71-49EE-86F3-AFCDD01E3D89} = {1F276D50-8A66-4BA5-A548-BF84B38413B4}
		{2A27CA3B-8080-4235-9ABF-493182E3CA19} = {1F276D50-8A66-4BA5-A548-BF84B38413B4}
		{70350736-319F-42C1-B061-710F6E3D4F54} = {1F276D50-8A66-4BA5-A548-BF84B38413B4}
		{638CBEEE-5C37-44E7-A78A-2D9AE99F14CB} = {1F276D50-8A66-4BA5-A548-BF84B38413B4}
		{A565F0B1-DADB-4067-AED5-00DEDFEE9479} = {1F276D50-8A66-4BA5-A548-BF84B38413B4}
		{176DF157-6491-40EC-9CA6-50A3C3C4E6BF} = {1F276D50-8A66-4BA5-A548-BF84B38413B4}
		{96165C1C-D3A2-4F7A-A881-AB51A769E95B} = {1F276D50-8A66-4BA5-A548-BF84B38413B4}
		{AE2754EE-2309-4661-8DD1-6D0D5EE677EA} = {1F276D50-8A66-4BA5-A548-BF84B38413B4}
	EndGlobalSection
EndGlobal
